
Microsoft Visual Studio Solution File, Format Version 12.00
# Visual Studio 15
VisualStudioVersion = 15.0.28307.136
MinimumVisualStudioVersion = 10.0.40219.1
Project("{FAE04EC0-301F-11D3-BF4B-00C04F79EFBC}") = "FinalErgasia3", "FinalErgasia3\FinalErgasia3.csproj", "{E7294CF5-C7C2-4A59-9D89-6A359A808EB3}"
EndProject
Global
	GlobalSection(SolutionConfigurationPlatforms) = preSolution
		Debug|Any CPU = Debug|Any CPU
		Release|Any CPU = Release|Any CPU
	EndGlobalSection
	GlobalSection(ProjectConfigurationPlatforms) = postSolution
		{E7294CF5-C7C2-4A59-9D89-6A359A808EB3}.Debug|Any CPU.ActiveCfg = Debug|Any CPU
		{E7294CF5-C7C2-4A59-9D89-6A359A808EB3}.Debug|Any CPU.Build.0 = Debug|Any CPU
		{E7294CF5-C7C2-4A59-9D89-6A359A808EB3}.Release|Any CPU.ActiveCfg = Release|Any CPU
		{E7294CF5-C7C2-4A59-9D89-6A359A808EB3}.Release|Any CPU.Build.0 = Release|Any CPU
	EndGlobalSection
	GlobalSection(SolutionProperties) = preSolution
		HideSolutionNode = FALSE
	EndGlobalSection
	GlobalSection(ExtensibilityGlobals) = postSolution
		SolutionGuid = {45FC6222-9F9C-411C-824C-93402BC7243C}
	EndGlobalSection
EndGlobal
